<Solution>
  <Folder Name="/Solution Items/">
    <File Path=".env" />
    <File Path="docker-compose.yml" />
  </Folder>
  <Project Path="EasyWorkout.Api/EasyWorkout.Api.csproj" />
  <Project Path="EasyWorkout.Application/EasyWorkout.Application.csproj" />
  <Project Path="easyworkout.client/easyworkout.client.esproj">
    <Build />
    <Deploy />
  </Project>
  <Project Path="EasyWorkout.Contracts/EasyWorkout.Contracts.csproj" />
</Solution>
